
Microsoft Visual Studio Solution File, Format Version 12.00
# Visual Studio Version 17
VisualStudioVersion = 17.9.34701.34
MinimumVisualStudioVersion = 10.0.40219.1
Project("{FAE04EC0-301F-11D3-BF4B-00C04F79EFBC}") = "CheckListBox Lookup", "CheckListBox Lookup\CheckListBox Lookup.csproj", "{7CA35E20-B037-4145-846F-EBB55E8D0A45}"
EndProject
Global
	GlobalSection(SolutionConfigurationPlatforms) = preSolution
		Debug|Any CPU = Debug|Any CPU
		Release|Any CPU = Release|Any CPU
	EndGlobalSection
	GlobalSection(ProjectConfigurationPlatforms) = postSolution
		{7CA35E20-B037-4145-846F-EBB55E8D0A45}.Debug|Any CPU.ActiveCfg = Debug|Any CPU
		{7CA35E20-B037-4145-846F-EBB55E8D0A45}.Debug|Any CPU.Build.0 = Debug|Any CPU
		{7CA35E20-B037-4145-846F-EBB55E8D0A45}.Release|Any CPU.ActiveCfg = Release|Any CPU
		{7CA35E20-B037-4145-846F-EBB55E8D0A45}.Release|Any CPU.Build.0 = Release|Any CPU
	EndGlobalSection
	GlobalSection(SolutionProperties) = preSolution
		HideSolutionNode = FALSE
	EndGlobalSection
	GlobalSection(ExtensibilityGlobals) = postSolution
		SolutionGuid = {FB7C7E47-8ED1-4665-9B99-0FF7D0B69700}
	EndGlobalSection
EndGlobal
